
Microsoft Visual Studio Solution File, Format Version 12.00
# Visual Studio Version 16
VisualStudioVersion = 16.0.29503.13
MinimumVisualStudioVersion = 10.0.40219.1
Project("{9A19103F-16F7-4668-BE54-9A1E7A4F7556}") = "HistoryService.API", "HistoryService\HistoryService.API.csproj", "{7BD163B0-A94A-4724-B19B-E75139E1437D}"
EndProject
Project("{E53339B2-1760-4266-BCC7-CA923CBCF16C}") = "docker-compose", "docker-compose.dcproj", "{1CCD4D34-D3A6-4034-8E31-1CA6C0C58D4F}"
EndProject
Global
	GlobalSection(SolutionConfigurationPlatforms) = preSolution
		Debug|Any CPU = Debug|Any CPU
		Release|Any CPU = Release|Any CPU
	EndGlobalSection
	GlobalSection(ProjectConfigurationPlatforms) = postSolution
		{7BD163B0-A94A-4724-B19B-E75139E1437D}.Debug|Any CPU.ActiveCfg = Debug|Any CPU
		{7BD163B0-A94A-4724-B19B-E75139E1437D}.Debug|Any CPU.Build.0 = Debug|Any CPU
		{7BD163B0-A94A-4724-B19B-E75139E1437D}.Release|Any CPU.ActiveCfg = Release|Any CPU
		{7BD163B0-A94A-4724-B19B-E75139E1437D}.Release|Any CPU.Build.0 = Release|Any CPU
		{1CCD4D34-D3A6-4034-8E31-1CA6C0C58D4F}.Debug|Any CPU.ActiveCfg = Debug|Any CPU
		{1CCD4D34-D3A6-4034-8E31-1CA6C0C58D4F}.Debug|Any CPU.Build.0 = Debug|Any CPU
		{1CCD4D34-D3A6-4034-8E31-1CA6C0C58D4F}.Release|Any CPU.ActiveCfg = Release|Any CPU
		{1CCD4D34-D3A6-4034-8E31-1CA6C0C58D4F}.Release|Any CPU.Build.0 = Release|Any CPU
	EndGlobalSection
	GlobalSection(SolutionProperties) = preSolution
		HideSolutionNode = FALSE
	EndGlobalSection
	GlobalSection(ExtensibilityGlobals) = postSolution
		SolutionGuid = {B54A7CF5-A13F-4048-946D-9832496F07D8}
	EndGlobalSection
EndGlobal
